<?xml version="1.0" encoding="utf-8"?>
<Project ToolsVersion="4.0" xmlns="http://schemas.microsoft.com/developer/msbuild/2003">
  <ItemGroup>
    <Filter Include="Source Files">
      <UniqueIdentifier>{4FC737F1-C7A5-4376-A066-2A32D752A2FF}</UniqueIdentifier>
      <Extensions>cpp;c;cc;cxx;def;odl;idl;hpj;bat;asm;asmx</Extensions>
    </Filter>
    <Filter Include="Header Files">
      <UniqueIdentifier>{93995380-89BD-4b04-88EB-625FBE52EBFB}</UniqueIdentifier>
      <Extensions>h;hh;hpp;hxx;hm;inl;inc;xsd</Extensions>
    </Filter>
    <Filter Include="Resource Files">
      <UniqueIdentifier>{67DA6AB6-F800-4c08-8B7A-83BB121AAD01}</UniqueIdentifier>
      <Extensions>rc;ico;cur;bmp;dlg;rc2;rct;bin;rgs;gif;jpg;jpeg;jpe;resx;tiff;tif;png;wav;mfcribbon-ms</Extensions>
    </Filter>
  </ItemGroup>
  <ItemGroup>
    <ClCompile Include="src\main.cpp">
      <Filter>Source Files</Filter>
    </ClCompile>
    <ClCompile Include="src\log.cpp">
      <Filter>Source Files</Filter>
    </ClCompile>
    <ClCompile Include="src\load_file.cpp">
      <Filter>Source Files</Filter>
    </ClCompile>
    <ClCompile Include="src\shader.cpp">
      <Filter>Source Files</Filter>
    </ClCompile>
    <ClCompile Include="src\bitmap.cpp">
      <Filter>Source Files</Filter>
    </ClCompile>
    <ClCompile Include="src\texture_2d.cpp">
      <Filter>Source Files</Filter>
    </ClCompile>
    <ClCompile Include="src\mesh.cpp">
      <Filter>Source Files</Filter>
    </ClCompile>
    <ClCompile Include="src\mesh_buffers.cpp">
      <Filter>Source Files</Filter>
    </ClCompile>
    <ClCompile Include="src\renderer.cpp">
      <Filter>Source Files</Filter>
    </ClCompile>
    <ClCompile Include="src\world.cpp">
      <Filter>Source Files</Filter>
    </ClCompile>
    <ClCompile Include="src\entity.cpp">
      <Filter>Source Files</Filter>
    </ClCompile>
    <ClCompile Include="src\graphic.cpp">
      <Filter>Source Files</Filter>
    </ClCompile>
    <ClCompile Include="src\sprite_graphic.cpp">
      <Filter>Source Files</Filter>
    </ClCompile>
    <ClCompile Include="src\game.cpp">
      <Filter>Source Files</Filter>
    </ClCompile>
    <ClCompile Include="src\input.cpp">
      <Filter>Source Files</Filter>
    </ClCompile>
    <ClCompile Include="src\wav_file.cpp">
      <Filter>Source Files</Filter>
    </ClCompile>
    <ClCompile Include="src\sound_buffer.cpp">
      <Filter>Source Files</Filter>
    </ClCompile>
    <ClCompile Include="src\sound_source.cpp">
      <Filter>Source Files</Filter>
    </ClCompile>
    <ClCompile Include="src\tilemap_graphic.cpp">
      <Filter>Source Files</Filter>
    </ClCompile>
    <ClCompile Include="src\kick_gen.cpp">
      <Filter>Source Files</Filter>
    </ClCompile>
    <ClCompile Include="src\cam_ent.cpp">
      <Filter>Source Files</Filter>
    </ClCompile>
    <ClCompile Include="src\font.cpp">
      <Filter>Source Files</Filter>
    </ClCompile>
    <ClCompile Include="src\tinyxml2err.cpp">
      <Filter>Source Files</Filter>
    </ClCompile>
    <ClCompile Include="src\text_graphic.cpp">
      <Filter>Source Files</Filter>
    </ClCompile>
    <ClCompile Include="src\particle_graphic.cpp">
      <Filter>Source Files</Filter>
    </ClCompile>
    <ClCompile Include="src\specific\level.cpp">
      <Filter>Source Files</Filter>
    </ClCompile>
    <ClCompile Include="src\specific\player.cpp">
      <Filter>Source Files</Filter>
    </ClCompile>
    <ClCompile Include="src\specific\oak_tree.cpp">
      <Filter>Source Files</Filter>
    </ClCompile>
    <ClCompile Include="src\specific\monster.cpp">
      <Filter>Source Files</Filter>
    </ClCompile>
    <ClCompile Include="src\random_source.cpp">
      <Filter>Source Files</Filter>
    </ClCompile>
    <ClCompile Include="src\specific\player_hud.cpp">
      <Filter>Source Files</Filter>
    </ClCompile>
    <ClCompile Include="src\specific\monster_flame.cpp">
      <Filter>Source Files</Filter>
    </ClCompile>
    <ClCompile Include="src\specific\cur_dir.cpp">
      <Filter>Source Files</Filter>
    </ClCompile>
    <ClCompile Include="src\specific\red_flash.cpp">
      <Filter>Source Files</Filter>
    </ClCompile>
    <ClCompile Include="src\specific\idle_walking.cpp">
      <Filter>Source Files</Filter>
    </ClCompile>
    <ClCompile Include="src\specific\npc.cpp">
      <Filter>Source Files</Filter>
    </ClCompile>
    <ClCompile Include="src\specific\gate.cpp">
      <Filter>Source Files</Filter>
    </ClCompile>
    <ClCompile Include="src\graphic_group.cpp">
      <Filter>Source Files</Filter>
    </ClCompile>
    <ClCompile Include="src\specific\bush.cpp">
      <Filter>Source Files</Filter>
    </ClCompile>
    <ClCompile Include="src\specific\flame_smoke.cpp">
      <Filter>Source Files</Filter>
    </ClCompile>
    <ClCompile Include="src\specific\blood_squirt.cpp">
      <Filter>Source Files</Filter>
    </ClCompile>
  </ItemGroup>
  <ItemGroup>
    <ClInclude Include="src\shader.h">
      <Filter>Header Files</Filter>
    </ClInclude>
    <ClInclude Include="src\load_file.h">
      <Filter>Header Files</Filter>
    </ClInclude>
    <ClInclude Include="src\log.h">
      <Filter>Header Files</Filter>
    </ClInclude>
    <ClInclude Include="src\texture_2d.h">
      <Filter>Header Files</Filter>
    </ClInclude>
    <ClInclude Include="src\bitmap.h">
      <Filter>Header Files</Filter>
    </ClInclude>
    <ClInclude Include="src\types.h">
      <Filter>Header Files</Filter>
    </ClInclude>
    <ClInclude Include="src\mesh.h">
      <Filter>Header Files</Filter>
    </ClInclude>
    <ClInclude Include="src\mesh_buffers.h">
      <Filter>Header Files</Filter>
    </ClInclude>
    <ClInclude Include="src\model.h">
      <Filter>Header Files</Filter>
    </ClInclude>
    <ClInclude Include="src\renderer.h">
      <Filter>Header Files</Filter>
    </ClInclude>
    <ClInclude Include="src\world.h">
      <Filter>Header Files</Filter>
    </ClInclude>
    <ClInclude Include="src\entity.h">
      <Filter>Header Files</Filter>
    </ClInclude>
    <ClInclude Include="src\point.h">
      <Filter>Header Files</Filter>
    </ClInclude>
    <ClInclude Include="src\graphic.h">
      <Filter>Header Files</Filter>
    </ClInclude>
    <ClInclude Include="src\sprite_graphic.h">
      <Filter>Header Files</Filter>
    </ClInclude>
    <ClInclude Include="src\game.h">
      <Filter>Header Files</Filter>
    </ClInclude>
    <ClInclude Include="src\input.h">
      <Filter>Header Files</Filter>
    </ClInclude>
    <ClInclude Include="src\rect.h">
      <Filter>Header Files</Filter>
    </ClInclude>
    <ClInclude Include="src\wav_file.h">
      <Filter>Header Files</Filter>
    </ClInclude>
    <ClInclude Include="src\sound_buffer.h">
      <Filter>Header Files</Filter>
    </ClInclude>
    <ClInclude Include="src\exception.h">
      <Filter>Header Files</Filter>
    </ClInclude>
    <ClInclude Include="src\sound_source.h">
      <Filter>Header Files</Filter>
    </ClInclude>
    <ClInclude Include="src\tilemap_graphic.h">
      <Filter>Header Files</Filter>
    </ClInclude>
    <ClInclude Include="src\kick_gen.h">
      <Filter>Header Files</Filter>
    </ClInclude>
    <ClInclude Include="src\jaw_macros.h">
      <Filter>Header Files</Filter>
    </ClInclude>
    <ClInclude Include="src\cam_ent.h">
      <Filter>Header Files</Filter>
    </ClInclude>
    <ClInclude Include="src\font.h">
      <Filter>Header Files</Filter>
    </ClInclude>
    <ClInclude Include="src\tinyxml2err.h">
      <Filter>Header Files</Filter>
    </ClInclude>
    <ClInclude Include="src\text_graphic.h">
      <Filter>Header Files</Filter>
    </ClInclude>
    <ClInclude Include="src\particle_graphic.h">
      <Filter>Header Files</Filter>
    </ClInclude>
    <ClInclude Include="src\specific\level.h">
      <Filter>Header Files</Filter>
    </ClInclude>
    <ClInclude Include="src\specific\player.h">
      <Filter>Header Files</Filter>
    </ClInclude>
    <ClInclude Include="src\specific\oak_tree.h">
      <Filter>Header Files</Filter>
    </ClInclude>
    <ClInclude Include="src\specific\monster.h">
      <Filter>Header Files</Filter>
    </ClInclude>
    <ClInclude Include="src\specific\cur_dir.h">
      <Filter>Header Files</Filter>
    </ClInclude>
    <ClInclude Include="src\random_source.h">
      <Filter>Header Files</Filter>
    </ClInclude>
    <ClInclude Include="src\specific\player_hud.h">
      <Filter>Header Files</Filter>
    </ClInclude>
    <ClInclude Include="src\specific\monster_flame.h">
      <Filter>Header Files</Filter>
    </ClInclude>
    <ClInclude Include="src\specific\red_flash.h">
      <Filter>Header Files</Filter>
    </ClInclude>
    <ClInclude Include="src\specific\idle_walking.h">
      <Filter>Header Files</Filter>
    </ClInclude>
    <ClInclude Include="src\specific\npc.h">
      <Filter>Header Files</Filter>
    </ClInclude>
    <ClInclude Include="src\specific\gate.h">
      <Filter>Header Files</Filter>
    </ClInclude>
    <ClInclude Include="src\graphic_group.h">
      <Filter>Header Files</Filter>
    </ClInclude>
    <ClInclude Include="src\specific\dialogue_list.h">
      <Filter>Header Files</Filter>
    </ClInclude>
    <ClInclude Include="src\specific\bush.h">
      <Filter>Header Files</Filter>
    </ClInclude>
    <ClInclude Include="src\specific\flame_smoke.h">
      <Filter>Header Files</Filter>
    </ClInclude>
    <ClInclude Include="src\specific\blood_squirt.h">
      <Filter>Header Files</Filter>
    </ClInclude>
  </ItemGroup>
</Project>